
Microsoft Visual Studio Solution File, Format Version 12.00
# Visual Studio 2012
Project("{FAE04EC0-301F-11D3-BF4B-00C04F79EFBC}") = "BrainCalc.Android", "BrainCalc.Android\BrainCalc.Android.csproj", "{9B983794-A689-4280-B150-188480B52772}"
EndProject
Project("{FAE04EC0-301F-11D3-BF4B-00C04F79EFBC}") = "BrainCalc.iOS", "BrainCalc.iOS\BrainCalc.iOS.csproj", "{54795798-42C6-4A68-8699-AC8AB2AFD54B}"
EndProject
Project("{FAE04EC0-301F-11D3-BF4B-00C04F79EFBC}") = "BrainCalc", "BrainCalc\BrainCalc.csproj", "{0E64F446-E337-484F-8666-CD552E769F2A}"
EndProject
Global
	GlobalSection(SolutionConfigurationPlatforms) = preSolution
		Debug|Any CPU = Debug|Any CPU
		Release|Any CPU = Release|Any CPU
		Debug|iPhoneSimulator = Debug|iPhoneSimulator
		Release|iPhoneSimulator = Release|iPhoneSimulator
		Debug|iPhone = Debug|iPhone
		Release|iPhone = Release|iPhone
		Ad-Hoc|iPhone = Ad-Hoc|iPhone
		AppStore|iPhone = AppStore|iPhone
	EndGlobalSection
	GlobalSection(ProjectConfigurationPlatforms) = postSolution
		{9B983794-A689-4280-B150-188480B52772}.Debug|Any CPU.ActiveCfg = Debug|Any CPU
		{9B983794-A689-4280-B150-188480B52772}.Debug|Any CPU.Build.0 = Debug|Any CPU
		{9B983794-A689-4280-B150-188480B52772}.Release|Any CPU.ActiveCfg = Release|Any CPU
		{9B983794-A689-4280-B150-188480B52772}.Release|Any CPU.Build.0 = Release|Any CPU
		{9B983794-A689-4280-B150-188480B52772}.Debug|iPhoneSimulator.ActiveCfg = Debug|Any CPU
		{9B983794-A689-4280-B150-188480B52772}.Debug|iPhoneSimulator.Build.0 = Debug|Any CPU
		{9B983794-A689-4280-B150-188480B52772}.Release|iPhoneSimulator.ActiveCfg = Release|Any CPU
		{9B983794-A689-4280-B150-188480B52772}.Release|iPhoneSimulator.Build.0 = Release|Any CPU
		{9B983794-A689-4280-B150-188480B52772}.Debug|iPhone.ActiveCfg = Debug|Any CPU
		{9B983794-A689-4280-B150-188480B52772}.Debug|iPhone.Build.0 = Debug|Any CPU
		{9B983794-A689-4280-B150-188480B52772}.Release|iPhone.ActiveCfg = Release|Any CPU
		{9B983794-A689-4280-B150-188480B52772}.Release|iPhone.Build.0 = Release|Any CPU
		{9B983794-A689-4280-B150-188480B52772}.Ad-Hoc|iPhone.ActiveCfg = Debug|Any CPU
		{9B983794-A689-4280-B150-188480B52772}.Ad-Hoc|iPhone.Build.0 = Debug|Any CPU
		{9B983794-A689-4280-B150-188480B52772}.AppStore|iPhone.ActiveCfg = Debug|Any CPU
		{9B983794-A689-4280-B150-188480B52772}.AppStore|iPhone.Build.0 = Debug|Any CPU
		{54795798-42C6-4A68-8699-AC8AB2AFD54B}.Debug|Any CPU.ActiveCfg = Debug|iPhoneSimulator
		{54795798-42C6-4A68-8699-AC8AB2AFD54B}.Debug|Any CPU.Build.0 = Debug|iPhoneSimulator
		{54795798-42C6-4A68-8699-AC8AB2AFD54B}.Release|Any CPU.ActiveCfg = Release|iPhoneSimulator
		{54795798-42C6-4A68-8699-AC8AB2AFD54B}.Release|Any CPU.Build.0 = Release|iPhoneSimulator
		{54795798-42C6-4A68-8699-AC8AB2AFD54B}.Debug|iPhoneSimulator.ActiveCfg = Debug|iPhoneSimulator
		{54795798-42C6-4A68-8699-AC8AB2AFD54B}.Debug|iPhoneSimulator.Build.0 = Debug|iPhoneSimulator
		{54795798-42C6-4A68-8699-AC8AB2AFD54B}.Release|iPhoneSimulator.ActiveCfg = Release|iPhoneSimulator
		{54795798-42C6-4A68-8699-AC8AB2AFD54B}.Release|iPhoneSimulator.Build.0 = Release|iPhoneSimulator
		{54795798-42C6-4A68-8699-AC8AB2AFD54B}.Debug|iPhone.ActiveCfg = Debug|iPhone
		{54795798-42C6-4A68-8699-AC8AB2AFD54B}.Debug|iPhone.Build.0 = Debug|iPhone
		{54795798-42C6-4A68-8699-AC8AB2AFD54B}.Release|iPhone.ActiveCfg = Release|iPhone
		{54795798-42C6-4A68-8699-AC8AB2AFD54B}.Release|iPhone.Build.0 = Release|iPhone
		{54795798-42C6-4A68-8699-AC8AB2AFD54B}.Ad-Hoc|iPhone.ActiveCfg = Ad-Hoc|iPhone
		{54795798-42C6-4A68-8699-AC8AB2AFD54B}.Ad-Hoc|iPhone.Build.0 = Ad-Hoc|iPhone
		{54795798-42C6-4A68-8699-AC8AB2AFD54B}.AppStore|iPhone.ActiveCfg = AppStore|iPhone
		{54795798-42C6-4A68-8699-AC8AB2AFD54B}.AppStore|iPhone.Build.0 = AppStore|iPhone
		{0E64F446-E337-484F-8666-CD552E769F2A}.Debug|Any CPU.ActiveCfg = Debug|Any CPU
		{0E64F446-E337-484F-8666-CD552E769F2A}.Debug|Any CPU.Build.0 = Debug|Any CPU
		{0E64F446-E337-484F-8666-CD552E769F2A}.Release|Any CPU.ActiveCfg = Release|Any CPU
		{0E64F446-E337-484F-8666-CD552E769F2A}.Release|Any CPU.Build.0 = Release|Any CPU
		{0E64F446-E337-484F-8666-CD552E769F2A}.Debug|iPhoneSimulator.ActiveCfg = Debug|Any CPU
		{0E64F446-E337-484F-8666-CD552E769F2A}.Debug|iPhoneSimulator.Build.0 = Debug|Any CPU
		{0E64F446-E337-484F-8666-CD552E769F2A}.Release|iPhoneSimulator.ActiveCfg = Release|Any CPU
		{0E64F446-E337-484F-8666-CD552E769F2A}.Release|iPhoneSimulator.Build.0 = Release|Any CPU
		{0E64F446-E337-484F-8666-CD552E769F2A}.Debug|iPhone.ActiveCfg = Debug|Any CPU
		{0E64F446-E337-484F-8666-CD552E769F2A}.Debug|iPhone.Build.0 = Debug|Any CPU
		{0E64F446-E337-484F-8666-CD552E769F2A}.Release|iPhone.ActiveCfg = Release|Any CPU
		{0E64F446-E337-484F-8666-CD552E769F2A}.Release|iPhone.Build.0 = Release|Any CPU
		{0E64F446-E337-484F-8666-CD552E769F2A}.Ad-Hoc|iPhone.ActiveCfg = Debug|Any CPU
		{0E64F446-E337-484F-8666-CD552E769F2A}.Ad-Hoc|iPhone.Build.0 = Debug|Any CPU
		{0E64F446-E337-484F-8666-CD552E769F2A}.AppStore|iPhone.ActiveCfg = Debug|Any CPU
		{0E64F446-E337-484F-8666-CD552E769F2A}.AppStore|iPhone.Build.0 = Debug|Any CPU
	EndGlobalSection
EndGlobal
